
Microsoft Visual Studio Solution File, Format Version 12.00
# Visual Studio Version 16
VisualStudioVersion = 16.0.29009.5
MinimumVisualStudioVersion = 10.0.40219.1
Project("{FAE04EC0-301F-11D3-BF4B-00C04F79EFBC}") = "Exercise1", "Exercise1\Exercise1.csproj", "{F8DE5E0F-2B8E-4740-90A7-7AF904B3FBD2}"
EndProject
Project("{FAE04EC0-301F-11D3-BF4B-00C04F79EFBC}") = "Exercise2", "Exercise2\Exercise2.csproj", "{990A7482-573D-4A0D-B51C-3DF2B2196A8A}"
EndProject
Project("{FAE04EC0-301F-11D3-BF4B-00C04F79EFBC}") = "Exercise4", "Exercise4\Exercise4.csproj", "{CCA47F71-40AE-4B2C-98E1-A4433D04FE7A}"
EndProject
Project("{9A19103F-16F7-4668-BE54-9A1E7A4F7556}") = "Exercise-3", "Exercise-3\Exercise-3.csproj", "{7F58C469-DB89-43A2-92ED-D46016965733}"
EndProject
Project("{9A19103F-16F7-4668-BE54-9A1E7A4F7556}") = "Exercise-5", "Exercise-5\Exercise-5.csproj", "{BD30E6DA-4A3E-4EE7-8DC4-702B5A491901}"
EndProject
Project("{9A19103F-16F7-4668-BE54-9A1E7A4F7556}") = "Exercise-6", "Exercise-6\Exercise-6.csproj", "{0E7E2E5F-049B-4F3A-AA54-A483EB67B872}"
EndProject
Project("{9A19103F-16F7-4668-BE54-9A1E7A4F7556}") = "Exercise-7", "Exercise-7\Exercise-7.csproj", "{97873C4F-ACFF-44E5-9FB0-97698FE8E6E0}"
EndProject
Project("{FAE04EC0-301F-11D3-BF4B-00C04F79EFBC}") = "Exercise-8", "Exercise-8\Exercise-8.csproj", "{A9CB05C4-E007-44F8-81A3-9FBF94F7F3F3}"
EndProject
Project("{FAE04EC0-301F-11D3-BF4B-00C04F79EFBC}") = "Exercise-9", "Exercise-9\Exercise-9.csproj", "{2C7F43EE-3C45-4242-B76B-7F2E3B4F7A7A}"
EndProject
Global
	GlobalSection(SolutionConfigurationPlatforms) = preSolution
		Debug|Any CPU = Debug|Any CPU
		Release|Any CPU = Release|Any CPU
	EndGlobalSection
	GlobalSection(ProjectConfigurationPlatforms) = postSolution
		{F8DE5E0F-2B8E-4740-90A7-7AF904B3FBD2}.Debug|Any CPU.ActiveCfg = Debug|Any CPU
		{F8DE5E0F-2B8E-4740-90A7-7AF904B3FBD2}.Debug|Any CPU.Build.0 = Debug|Any CPU
		{F8DE5E0F-2B8E-4740-90A7-7AF904B3FBD2}.Release|Any CPU.ActiveCfg = Release|Any CPU
		{F8DE5E0F-2B8E-4740-90A7-7AF904B3FBD2}.Release|Any CPU.Build.0 = Release|Any CPU
		{990A7482-573D-4A0D-B51C-3DF2B2196A8A}.Debug|Any CPU.ActiveCfg = Debug|Any CPU
		{990A7482-573D-4A0D-B51C-3DF2B2196A8A}.Debug|Any CPU.Build.0 = Debug|Any CPU
		{990A7482-573D-4A0D-B51C-3DF2B2196A8A}.Release|Any CPU.ActiveCfg = Release|Any CPU
		{990A7482-573D-4A0D-B51C-3DF2B2196A8A}.Release|Any CPU.Build.0 = Release|Any CPU
		{CCA47F71-40AE-4B2C-98E1-A4433D04FE7A}.Debug|Any CPU.ActiveCfg = Debug|Any CPU
		{CCA47F71-40AE-4B2C-98E1-A4433D04FE7A}.Debug|Any CPU.Build.0 = Debug|Any CPU
		{CCA47F71-40AE-4B2C-98E1-A4433D04FE7A}.Release|Any CPU.ActiveCfg = Release|Any CPU
		{CCA47F71-40AE-4B2C-98E1-A4433D04FE7A}.Release|Any CPU.Build.0 = Release|Any CPU
		{7F58C469-DB89-43A2-92ED-D46016965733}.Debug|Any CPU.ActiveCfg = Debug|Any CPU
		{7F58C469-DB89-43A2-92ED-D46016965733}.Debug|Any CPU.Build.0 = Debug|Any CPU
		{7F58C469-DB89-43A2-92ED-D46016965733}.Release|Any CPU.ActiveCfg = Release|Any CPU
		{7F58C469-DB89-43A2-92ED-D46016965733}.Release|Any CPU.Build.0 = Release|Any CPU
		{BD30E6DA-4A3E-4EE7-8DC4-702B5A491901}.Debug|Any CPU.ActiveCfg = Debug|Any CPU
		{BD30E6DA-4A3E-4EE7-8DC4-702B5A491901}.Debug|Any CPU.Build.0 = Debug|Any CPU
		{BD30E6DA-4A3E-4EE7-8DC4-702B5A491901}.Release|Any CPU.ActiveCfg = Release|Any CPU
		{BD30E6DA-4A3E-4EE7-8DC4-702B5A491901}.Release|Any CPU.Build.0 = Release|Any CPU
		{0E7E2E5F-049B-4F3A-AA54-A483EB67B872}.Debug|Any CPU.ActiveCfg = Debug|Any CPU
		{0E7E2E5F-049B-4F3A-AA54-A483EB67B872}.Debug|Any CPU.Build.0 = Debug|Any CPU
		{0E7E2E5F-049B-4F3A-AA54-A483EB67B872}.Release|Any CPU.ActiveCfg = Release|Any CPU
		{0E7E2E5F-049B-4F3A-AA54-A483EB67B872}.Release|Any CPU.Build.0 = Release|Any CPU
		{97873C4F-ACFF-44E5-9FB0-97698FE8E6E0}.Debug|Any CPU.ActiveCfg = Debug|Any CPU
		{97873C4F-ACFF-44E5-9FB0-97698FE8E6E0}.Debug|Any CPU.Build.0 = Debug|Any CPU
		{97873C4F-ACFF-44E5-9FB0-97698FE8E6E0}.Release|Any CPU.ActiveCfg = Release|Any CPU
		{97873C4F-ACFF-44E5-9FB0-97698FE8E6E0}.Release|Any CPU.Build.0 = Release|Any CPU
		{A9CB05C4-E007-44F8-81A3-9FBF94F7F3F3}.Debug|Any CPU.ActiveCfg = Debug|Any CPU
		{A9CB05C4-E007-44F8-81A3-9FBF94F7F3F3}.Debug|Any CPU.Build.0 = Debug|Any CPU
		{A9CB05C4-E007-44F8-81A3-9FBF94F7F3F3}.Release|Any CPU.ActiveCfg = Release|Any CPU
		{A9CB05C4-E007-44F8-81A3-9FBF94F7F3F3}.Release|Any CPU.Build.0 = Release|Any CPU
		{2C7F43EE-3C45-4242-B76B-7F2E3B4F7A7A}.Debug|Any CPU.ActiveCfg = Debug|Any CPU
		{2C7F43EE-3C45-4242-B76B-7F2E3B4F7A7A}.Debug|Any CPU.Build.0 = Debug|Any CPU
		{2C7F43EE-3C45-4242-B76B-7F2E3B4F7A7A}.Release|Any CPU.ActiveCfg = Release|Any CPU
		{2C7F43EE-3C45-4242-B76B-7F2E3B4F7A7A}.Release|Any CPU.Build.0 = Release|Any CPU
	EndGlobalSection
	GlobalSection(SolutionProperties) = preSolution
		HideSolutionNode = FALSE
	EndGlobalSection
	GlobalSection(ExtensibilityGlobals) = postSolution
		SolutionGuid = {9E2B805A-E209-4714-AE87-3C7317951F1D}
	EndGlobalSection
EndGlobal
