
Microsoft Visual Studio Solution File, Format Version 12.00
# Visual Studio Version 16
VisualStudioVersion = 16.0.32002.261
MinimumVisualStudioVersion = 10.0.40219.1
Project("{9A19103F-16F7-4668-BE54-9A1E7A4F7556}") = "Exercise -1", "Polymorphism\Exercise -1.csproj", "{A96CEB68-1BAE-4759-9CDE-4CE1638B8C9F}"
EndProject
Global
	GlobalSection(SolutionConfigurationPlatforms) = preSolution
		Debug|Any CPU = Debug|Any CPU
		Release|Any CPU = Release|Any CPU
	EndGlobalSection
	GlobalSection(ProjectConfigurationPlatforms) = postSolution
		{A96CEB68-1BAE-4759-9CDE-4CE1638B8C9F}.Debug|Any CPU.ActiveCfg = Debug|Any CPU
		{A96CEB68-1BAE-4759-9CDE-4CE1638B8C9F}.Debug|Any CPU.Build.0 = Debug|Any CPU
		{A96CEB68-1BAE-4759-9CDE-4CE1638B8C9F}.Release|Any CPU.ActiveCfg = Release|Any CPU
		{A96CEB68-1BAE-4759-9CDE-4CE1638B8C9F}.Release|Any CPU.Build.0 = Release|Any CPU
	EndGlobalSection
	GlobalSection(SolutionProperties) = preSolution
		HideSolutionNode = FALSE
	EndGlobalSection
	GlobalSection(ExtensibilityGlobals) = postSolution
		SolutionGuid = {7E89924B-CB71-4E5E-B90B-92BF9B11B820}
	EndGlobalSection
EndGlobal
